{
  "nodes": {
    "cargo2nix": {
      "inputs": {
        "flake-compat": "flake-compat",
        "flake-utils": [
          "flake-utils"
        ],
        "nixpkgs": [
          "nixpkgs"
        ],
        "rust-overlay": [
          "rust-overlay"
        ]
      },
      "locked": {
        "lastModified": 1655189312,
        "narHash": "sha256-gpJ57OgIebUpO+7F00VltxSEy6dz2x6HeJ5BcRM8rDA=",
        "owner": "cargo2nix",
        "repo": "cargo2nix",
        "rev": "c149357cc3d17f2849c73eb7a09d07a307cdcfe8",
        "type": "github"
      },
      "original": {
        "owner": "cargo2nix",
        "repo": "cargo2nix",
        "type": "github"
      }
    },
    "flake-compat": {
      "flake": false,
      "locked": {
        "lastModified": 1650374568,
        "narHash": "sha256-Z+s0J8/r907g149rllvwhb4pKi8Wam5ij0st8PwAh+E=",
        "owner": "edolstra",
        "repo": "flake-compat",
        "rev": "b4a34015c698c7793d592d66adbab377907a2be8",
        "type": "github"
      },
      "original": {
        "owner": "edolstra",
        "repo": "flake-compat",
        "type": "github"
      }
    },
    "flake-utils": {
      "locked": {
        "lastModified": 1667395993,
        "narHash": "sha256-nuEHfE/LcWyuSWnS8t12N1wc105Qtau+/OdUAjtQ0rA=",
        "owner": "numtide",
        "repo": "flake-utils",
        "rev": "5aed5285a952e0b949eb3ba02c12fa4fcfef535f",
        "type": "github"
      },
      "original": {
        "owner": "numtide",
        "repo": "flake-utils",
        "type": "github"
      }
    },
    "nixpkgs": {
      "locked": {
        "lastModified": 1672195622,
        "narHash": "sha256-Z03+maRn7EC6XzCV1+gf9JuuvSnNduy0v5RJngf+4FA=",
        "owner": "NixOS",
        "repo": "nixpkgs",
        "rev": "9a2e72335c6651d5fb16e6901aa4b5c790c243db",
        "type": "github"
      },
      "original": {
        "owner": "NixOS",
        "repo": "nixpkgs",
        "type": "github"
      }
    },
    "root": {
      "inputs": {
        "cargo2nix": "cargo2nix",
        "flake-utils": "flake-utils",
        "nixpkgs": "nixpkgs",
        "rust-overlay": "rust-overlay"
      }
    },
    "rust-overlay": {
      "inputs": {
        "flake-utils": [
          "flake-utils"
        ],
        "nixpkgs": [
          "nixpkgs"
        ]
      },
      "locked": {
        "lastModified": 1672194128,
        "narHash": "sha256-7xRHQRkrYjsRxowLTl0ShfT2H5xaN82Je/xtRmMd4oc=",
        "owner": "oxalica",
        "repo": "rust-overlay",
        "rev": "bb9fef79d831cc3c1bfdda2bb72e69706d1ab168",
        "type": "github"
      },
      "original": {
        "owner": "oxalica",
        "repo": "rust-overlay",
        "type": "github"
      }
    }
  },
  "root": "root",
  "version": 7
}
